// !$*UTF8*$!
{
	archiveVersion = 1;
	classes = {
	};
	objectVersion = 50;
	objects = {

/* Begin PBXBuildFile section */
		18433EED212AC1AE0001CFED /* MVPLib.h in Headers */ = {isa = PBXBuildFile; fileRef = 18433EEB212AC1AE0001CFED /* MVPLib.h */; settings = {ATTRIBUTES = (Public, ); }; };
		18433F1F212AC3CF0001CFED /* IPresentProto.swift in Sources */ = {isa = PBXBuildFile; fileRef = 18433F1E212AC3CF0001CFED /* IPresentProto.swift */; };
		18433F21212AC3F90001CFED /* IViewProto.swift in Sources */ = {isa = PBXBuildFile; fileRef = 18433F20212AC3F90001CFED /* IViewProto.swift */; };
		18433F23212AC4480001CFED /* IViewController.swift in Sources */ = {isa = PBXBuildFile; fileRef = 18433F22212AC4480001CFED /* IViewController.swift */; };
		18433F26212ACE3C0001CFED /* IViewRouteProto.swift in Sources */ = {isa = PBXBuildFile; fileRef = 18433F25212ACE3C0001CFED /* IViewRouteProto.swift */; };
		18652B33215B7F1C00587ABB /* IBaseViewController.swift in Sources */ = {isa = PBXBuildFile; fileRef = 18652B32215B7F1C00587ABB /* IBaseViewController.swift */; };
		186D43B7215E2A4500DF6099 /* HomePresentProto.swift in Sources */ = {isa = PBXBuildFile; fileRef = 186D43B6215E2A4500DF6099 /* HomePresentProto.swift */; };
		186D43B9215E2A5200DF6099 /* HomeViewProto.swift in Sources */ = {isa = PBXBuildFile; fileRef = 186D43B8215E2A5200DF6099 /* HomeViewProto.swift */; };
		186D43BB215E2A6200DF6099 /* HomeViewController.swift in Sources */ = {isa = PBXBuildFile; fileRef = 186D43BA215E2A6200DF6099 /* HomeViewController.swift */; };
		186D43BF215E2B0B00DF6099 /* HomePresent.swift in Sources */ = {isa = PBXBuildFile; fileRef = 186D43BE215E2B0B00DF6099 /* HomePresent.swift */; };
		18DB363B212E51970089E806 /* IPresent.swift in Sources */ = {isa = PBXBuildFile; fileRef = 18DB363A212E51970089E806 /* IPresent.swift */; };
		18DB3643212E690E0089E806 /* AppDelegate.swift in Sources */ = {isa = PBXBuildFile; fileRef = 18DB3642212E690E0089E806 /* AppDelegate.swift */; };
		18DB3645212E690E0089E806 /* ViewController.swift in Sources */ = {isa = PBXBuildFile; fileRef = 18DB3644212E690E0089E806 /* ViewController.swift */; };
		18DB3648212E690E0089E806 /* Main.storyboard in Resources */ = {isa = PBXBuildFile; fileRef = 18DB3646212E690E0089E806 /* Main.storyboard */; };
		18DB364A212E69100089E806 /* Assets.xcassets in Resources */ = {isa = PBXBuildFile; fileRef = 18DB3649212E69100089E806 /* Assets.xcassets */; };
		18DB364D212E69100089E806 /* LaunchScreen.storyboard in Resources */ = {isa = PBXBuildFile; fileRef = 18DB364B212E69100089E806 /* LaunchScreen.storyboard */; };
		18DB3655212E7F2A0089E806 /* DViewController.swift in Sources */ = {isa = PBXBuildFile; fileRef = 18DB3654212E7F2A0089E806 /* DViewController.swift */; };
		18DB3656212E7F5D0089E806 /* MVPLib.framework in Frameworks */ = {isa = PBXBuildFile; fileRef = 18433EE8212AC1AE0001CFED /* MVPLib.framework */; };
		18DB3658212E7FDD0089E806 /* DPresent.swift in Sources */ = {isa = PBXBuildFile; fileRef = 18DB3657212E7FDD0089E806 /* DPresent.swift */; };
		18DB365B212E8A140089E806 /* MVPLib.framework in CopyFiles */ = {isa = PBXBuildFile; fileRef = 18433EE8212AC1AE0001CFED /* MVPLib.framework */; settings = {ATTRIBUTES = (CodeSignOnCopy, RemoveHeadersOnCopy, ); }; };
		18DB365D212E8AA00089E806 /* Swinject.framework in CopyFiles */ = {isa = PBXBuildFile; fileRef = 18DB365C212E8AA00089E806 /* Swinject.framework */; settings = {ATTRIBUTES = (CodeSignOnCopy, RemoveHeadersOnCopy, ); }; };
		E722264A46845DAE5B25C477 /* Pods_MVPLib.framework in Frameworks */ = {isa = PBXBuildFile; fileRef = 38B5E56B3E91C9909A5D8E58 /* Pods_MVPLib.framework */; };
/* End PBXBuildFile section */

/* Begin PBXCopyFilesBuildPhase section */
		18DB365A212E8A0A0089E806 /* CopyFiles */ = {
			isa = PBXCopyFilesBuildPhase;
			buildActionMask = 2147483647;
			dstPath = "";
			dstSubfolderSpec = 10;
			files = (
				18DB365B212E8A140089E806 /* MVPLib.framework in CopyFiles */,
				18DB365D212E8AA00089E806 /* Swinject.framework in CopyFiles */,
			);
			runOnlyForDeploymentPostprocessing = 0;
		};
/* End PBXCopyFilesBuildPhase section */

/* Begin PBXFileReference section */
		18433EE8212AC1AE0001CFED /* MVPLib.framework */ = {isa = PBXFileReference; explicitFileType = wrapper.framework; includeInIndex = 0; path = MVPLib.framework; sourceTree = BUILT_PRODUCTS_DIR; };
		18433EEB212AC1AE0001CFED /* MVPLib.h */ = {isa = PBXFileReference; lastKnownFileType = sourcecode.c.h; path = MVPLib.h; sourceTree = "<group>"; };
		18433EEC212AC1AE0001CFED /* Info.plist */ = {isa = PBXFileReference; lastKnownFileType = text.plist.xml; path = Info.plist; sourceTree = "<group>"; };
		18433F1E212AC3CF0001CFED /* IPresentProto.swift */ = {isa = PBXFileReference; fileEncoding = 4; lastKnownFileType = sourcecode.swift; path = IPresentProto.swift; sourceTree = "<group>"; };
		18433F20212AC3F90001CFED /* IViewProto.swift */ = {isa = PBXFileReference; fileEncoding = 4; lastKnownFileType = sourcecode.swift; path = IViewProto.swift; sourceTree = "<group>"; };
		18433F22212AC4480001CFED /* IViewController.swift */ = {isa = PBXFileReference; fileEncoding = 4; lastKnownFileType = sourcecode.swift; path = IViewController.swift; sourceTree = "<group>"; };
		18433F25212ACE3C0001CFED /* IViewRouteProto.swift */ = {isa = PBXFileReference; lastKnownFileType = sourcecode.swift; path = IViewRouteProto.swift; sourceTree = "<group>"; };
		18652B32215B7F1C00587ABB /* IBaseViewController.swift */ = {isa = PBXFileReference; lastKnownFileType = sourcecode.swift; path = IBaseViewController.swift; sourceTree = "<group>"; };
		186D43B6215E2A4500DF6099 /* HomePresentProto.swift */ = {isa = PBXFileReference; lastKnownFileType = sourcecode.swift; path = HomePresentProto.swift; sourceTree = "<group>"; };
		186D43B8215E2A5200DF6099 /* HomeViewProto.swift */ = {isa = PBXFileReference; lastKnownFileType = sourcecode.swift; path = HomeViewProto.swift; sourceTree = "<group>"; };
		186D43BA215E2A6200DF6099 /* HomeViewController.swift */ = {isa = PBXFileReference; lastKnownFileType = sourcecode.swift; path = HomeViewController.swift; sourceTree = "<group>"; };
		186D43BE215E2B0B00DF6099 /* HomePresent.swift */ = {isa = PBXFileReference; lastKnownFileType = sourcecode.swift; path = HomePresent.swift; sourceTree = "<group>"; };
		18DB363A212E51970089E806 /* IPresent.swift */ = {isa = PBXFileReference; lastKnownFileType = sourcecode.swift; path = IPresent.swift; sourceTree = "<group>"; };
		18DB3640212E690E0089E806 /* Demo.app */ = {isa = PBXFileReference; explicitFileType = wrapper.application; includeInIndex = 0; path = Demo.app; sourceTree = BUILT_PRODUCTS_DIR; };
		18DB3642212E690E0089E806 /* AppDelegate.swift */ = {isa = PBXFileReference; lastKnownFileType = sourcecode.swift; path = AppDelegate.swift; sourceTree = "<group>"; };
		18DB3644212E690E0089E806 /* ViewController.swift */ = {isa = PBXFileReference; lastKnownFileType = sourcecode.swift; path = ViewController.swift; sourceTree = "<group>"; };
		18DB3647212E690E0089E806 /* Base */ = {isa = PBXFileReference; lastKnownFileType = file.storyboard; name = Base; path = Base.lproj/Main.storyboard; sourceTree = "<group>"; };
		18DB3649212E69100089E806 /* Assets.xcassets */ = {isa = PBXFileReference; lastKnownFileType = folder.assetcatalog; path = Assets.xcassets; sourceTree = "<group>"; };
		18DB364C212E69100089E806 /* Base */ = {isa = PBXFileReference; lastKnownFileType = file.storyboard; name = Base; path = Base.lproj/LaunchScreen.storyboard; sourceTree = "<group>"; };
		18DB364E212E69100089E806 /* Info.plist */ = {isa = PBXFileReference; lastKnownFileType = text.plist.xml; path = Info.plist; sourceTree = "<group>"; };
		18DB3654212E7F2A0089E806 /* DViewController.swift */ = {isa = PBXFileReference; lastKnownFileType = sourcecode.swift; path = DViewController.swift; sourceTree = "<group>"; };
		18DB3657212E7FDD0089E806 /* DPresent.swift */ = {isa = PBXFileReference; lastKnownFileType = sourcecode.swift; path = DPresent.swift; sourceTree = "<group>"; };
		18DB365C212E8AA00089E806 /* Swinject.framework */ = {isa = PBXFileReference; lastKnownFileType = wrapper.framework; name = Swinject.framework; path = "../../../../Library/Developer/Xcode/DerivedData/MVPLib-dcukxyziaryprnbngnxnaoiadjhd/Build/Products/Debug-iphoneos/Swinject/Swinject.framework"; sourceTree = "<group>"; };
		38B5E56B3E91C9909A5D8E58 /* Pods_MVPLib.framework */ = {isa = PBXFileReference; explicitFileType = wrapper.framework; includeInIndex = 0; path = Pods_MVPLib.framework; sourceTree = BUILT_PRODUCTS_DIR; };
		425A0D811C83FD0917655EEA /* Pods-MVPLib.release.xcconfig */ = {isa = PBXFileReference; includeInIndex = 1; lastKnownFileType = text.xcconfig; name = "Pods-MVPLib.release.xcconfig"; path = "MVPLib/Pods/Target Support Files/Pods-MVPLib/Pods-MVPLib.release.xcconfig"; sourceTree = "<group>"; };
		BF5EBB68726BB5830F6841E6 /* Pods-MVPLib.debug.xcconfig */ = {isa = PBXFileReference; includeInIndex = 1; lastKnownFileType = text.xcconfig; name = "Pods-MVPLib.debug.xcconfig"; path = "MVPLib/Pods/Target Support Files/Pods-MVPLib/Pods-MVPLib.debug.xcconfig"; sourceTree = "<group>"; };
/* End PBXFileReference section */

/* Begin PBXFrameworksBuildPhase section */
		18433EE4212AC1AE0001CFED /* Frameworks */ = {
			isa = PBXFrameworksBuildPhase;
			buildActionMask = 2147483647;
			files = (
				E722264A46845DAE5B25C477 /* Pods_MVPLib.framework in Frameworks */,
			);
			runOnlyForDeploymentPostprocessing = 0;
		};
		18DB363D212E690E0089E806 /* Frameworks */ = {
			isa = PBXFrameworksBuildPhase;
			buildActionMask = 2147483647;
			files = (
				18DB3656212E7F5D0089E806 /* MVPLib.framework in Frameworks */,
			);
			runOnlyForDeploymentPostprocessing = 0;
		};
/* End PBXFrameworksBuildPhase section */

/* Begin PBXGroup section */
		18433EDE212AC1AE0001CFED = {
			isa = PBXGroup;
			children = (
				18DB365C212E8AA00089E806 /* Swinject.framework */,
				18433EEA212AC1AE0001CFED /* MVPLib */,
				18DB3641212E690E0089E806 /* Demo */,
				18433EE9212AC1AE0001CFED /* Products */,
				36C4BE371A6FE896DF8AA499 /* Pods */,
				C9D424741357D0A8A9DD1716 /* Frameworks */,
			);
			sourceTree = "<group>";
		};
		18433EE9212AC1AE0001CFED /* Products */ = {
			isa = PBXGroup;
			children = (
				18433EE8212AC1AE0001CFED /* MVPLib.framework */,
				18DB3640212E690E0089E806 /* Demo.app */,
			);
			name = Products;
			sourceTree = "<group>";
		};
		18433EEA212AC1AE0001CFED /* MVPLib */ = {
			isa = PBXGroup;
			children = (
				18433F24212ACC280001CFED /* Route */,
				18433F1C212AC3860001CFED /* Model */,
				18433F1B212AC3860001CFED /* Present */,
				18433F1D212AC3860001CFED /* View */,
				18433EEB212AC1AE0001CFED /* MVPLib.h */,
				18433EEC212AC1AE0001CFED /* Info.plist */,
			);
			path = MVPLib;
			sourceTree = "<group>";
		};
		18433F1B212AC3860001CFED /* Present */ = {
			isa = PBXGroup;
			children = (
				18433F1E212AC3CF0001CFED /* IPresentProto.swift */,
				18DB363A212E51970089E806 /* IPresent.swift */,
			);
			path = Present;
			sourceTree = "<group>";
		};
		18433F1C212AC3860001CFED /* Model */ = {
			isa = PBXGroup;
			children = (
			);
			path = Model;
			sourceTree = "<group>";
		};
		18433F1D212AC3860001CFED /* View */ = {
			isa = PBXGroup;
			children = (
				18433F22212AC4480001CFED /* IViewController.swift */,
				18433F20212AC3F90001CFED /* IViewProto.swift */,
				18652B32215B7F1C00587ABB /* IBaseViewController.swift */,
			);
			path = View;
			sourceTree = "<group>";
		};
		18433F24212ACC280001CFED /* Route */ = {
			isa = PBXGroup;
			children = (
				18433F25212ACE3C0001CFED /* IViewRouteProto.swift */,
			);
			path = Route;
			sourceTree = "<group>";
		};
		18DB3641212E690E0089E806 /* Demo */ = {
			isa = PBXGroup;
			children = (
				18DB3642212E690E0089E806 /* AppDelegate.swift */,
				18DB3644212E690E0089E806 /* ViewController.swift */,
				18DB3646212E690E0089E806 /* Main.storyboard */,
				18DB3649212E69100089E806 /* Assets.xcassets */,
				18DB364B212E69100089E806 /* LaunchScreen.storyboard */,
				18DB364E212E69100089E806 /* Info.plist */,
				18DB3654212E7F2A0089E806 /* DViewController.swift */,
				18DB3657212E7FDD0089E806 /* DPresent.swift */,
				186D43B6215E2A4500DF6099 /* HomePresentProto.swift */,
				186D43BE215E2B0B00DF6099 /* HomePresent.swift */,
				186D43B8215E2A5200DF6099 /* HomeViewProto.swift */,
				186D43BA215E2A6200DF6099 /* HomeViewController.swift */,
			);
			path = Demo;
			sourceTree = "<group>";
		};
		36C4BE371A6FE896DF8AA499 /* Pods */ = {
			isa = PBXGroup;
			children = (
				BF5EBB68726BB5830F6841E6 /* Pods-MVPLib.debug.xcconfig */,
				425A0D811C83FD0917655EEA /* Pods-MVPLib.release.xcconfig */,
			);
			name = Pods;
			sourceTree = "<group>";
		};
		C9D424741357D0A8A9DD1716 /* Frameworks */ = {
			isa = PBXGroup;
			children = (
				38B5E56B3E91C9909A5D8E58 /* Pods_MVPLib.framework */,
			);
			name = Frameworks;
			sourceTree = "<group>";
		};
/* End PBXGroup section */

/* Begin PBXHeadersBuildPhase section */
		18433EE5212AC1AE0001CFED /* Headers */ = {
			isa = PBXHeadersBuildPhase;
			buildActionMask = 2147483647;
			files = (
				18433EED212AC1AE0001CFED /* MVPLib.h in Headers */,
			);
			runOnlyForDeploymentPostprocessing = 0;
		};
/* End PBXHeadersBuildPhase section */

/* Begin PBXNativeTarget section */
		18433EE7212AC1AE0001CFED /* MVPLib */ = {
			isa = PBXNativeTarget;
			buildConfigurationList = 18433EF0212AC1AE0001CFED /* Build configuration list for PBXNativeTarget "MVPLib" */;
			buildPhases = (
				E8451D418F92853016EF98E9 /* [CP] Check Pods Manifest.lock */,
				18433EE3212AC1AE0001CFED /* Sources */,
				18433EE4212AC1AE0001CFED /* Frameworks */,
				18433EE5212AC1AE0001CFED /* Headers */,
				18433EE6212AC1AE0001CFED /* Resources */,
				0CF653F794B7FAA0D4CECF59 /* [CP] Copy Pods Resources */,
			);
			buildRules = (
			);
			dependencies = (
			);
			name = MVPLib;
			productName = MVPLib;
			productReference = 18433EE8212AC1AE0001CFED /* MVPLib.framework */;
			productType = "com.apple.product-type.framework";
		};
		18DB363F212E690E0089E806 /* Demo */ = {
			isa = PBXNativeTarget;
			buildConfigurationList = 18DB364F212E69100089E806 /* Build configuration list for PBXNativeTarget "Demo" */;
			buildPhases = (
				18DB363C212E690E0089E806 /* Sources */,
				18DB363D212E690E0089E806 /* Frameworks */,
				18DB363E212E690E0089E806 /* Resources */,
				18DB365A212E8A0A0089E806 /* CopyFiles */,
			);
			buildRules = (
			);
			dependencies = (
			);
			name = Demo;
			productName = Demo;
			productReference = 18DB3640212E690E0089E806 /* Demo.app */;
			productType = "com.apple.product-type.application";
		};
/* End PBXNativeTarget section */

/* Begin PBXProject section */
		18433EDF212AC1AE0001CFED /* Project object */ = {
			isa = PBXProject;
			attributes = {
				LastSwiftUpdateCheck = 0940;
				LastUpgradeCheck = 0940;
				ORGANIZATIONNAME = zktechnology;
				TargetAttributes = {
					18433EE7212AC1AE0001CFED = {
						CreatedOnToolsVersion = 9.4.1;
						LastSwiftMigration = 0940;
					};
					18DB363F212E690E0089E806 = {
						CreatedOnToolsVersion = 9.4.1;
					};
				};
			};
			buildConfigurationList = 18433EE2212AC1AE0001CFED /* Build configuration list for PBXProject "MVPLib" */;
			compatibilityVersion = "Xcode 9.3";
			developmentRegion = en;
			hasScannedForEncodings = 0;
			knownRegions = (
				en,
				Base,
			);
			mainGroup = 18433EDE212AC1AE0001CFED;
			productRefGroup = 18433EE9212AC1AE0001CFED /* Products */;
			projectDirPath = "";
			projectRoot = "";
			targets = (
				18433EE7212AC1AE0001CFED /* MVPLib */,
				18DB363F212E690E0089E806 /* Demo */,
			);
		};
/* End PBXProject section */

/* Begin PBXResourcesBuildPhase section */
		18433EE6212AC1AE0001CFED /* Resources */ = {
			isa = PBXResourcesBuildPhase;
			buildActionMask = 2147483647;
			files = (
			);
			runOnlyForDeploymentPostprocessing = 0;
		};
		18DB363E212E690E0089E806 /* Resources */ = {
			isa = PBXResourcesBuildPhase;
			buildActionMask = 2147483647;
			files = (
				18DB364D212E69100089E806 /* LaunchScreen.storyboard in Resources */,
				18DB364A212E69100089E806 /* Assets.xcassets in Resources */,
				18DB3648212E690E0089E806 /* Main.storyboard in Resources */,
			);
			runOnlyForDeploymentPostprocessing = 0;
		};
/* End PBXResourcesBuildPhase section */

/* Begin PBXShellScriptBuildPhase section */
		0CF653F794B7FAA0D4CECF59 /* [CP] Copy Pods Resources */ = {
			isa = PBXShellScriptBuildPhase;
			buildActionMask = 2147483647;
			files = (
			);
			inputPaths = (
			);
			name = "[CP] Copy Pods Resources";
			outputPaths = (
			);
			runOnlyForDeploymentPostprocessing = 0;
			shellPath = /bin/sh;
			shellScript = "\"${SRCROOT}/MVPLib/Pods/Target Support Files/Pods-MVPLib/Pods-MVPLib-resources.sh\"\n";
			showEnvVarsInLog = 0;
		};
		E8451D418F92853016EF98E9 /* [CP] Check Pods Manifest.lock */ = {
			isa = PBXShellScriptBuildPhase;
			buildActionMask = 2147483647;
			files = (
			);
			inputPaths = (
				"${PODS_PODFILE_DIR_PATH}/Podfile.lock",
				"${PODS_ROOT}/Manifest.lock",
			);
			name = "[CP] Check Pods Manifest.lock";
			outputPaths = (
				"$(DERIVED_FILE_DIR)/Pods-MVPLib-checkManifestLockResult.txt",
			);
			runOnlyForDeploymentPostprocessing = 0;
			shellPath = /bin/sh;
			shellScript = "diff \"${PODS_PODFILE_DIR_PATH}/Podfile.lock\" \"${PODS_ROOT}/Manifest.lock\" > /dev/null\nif [ $? != 0 ] ; then\n    # print error to STDERR\n    echo \"error: The sandbox is not in sync with the Podfile.lock. Run 'pod install' or update your CocoaPods installation.\" >&2\n    exit 1\nfi\n# This output is used by Xcode 'outputs' to avoid re-running this script phase.\necho \"SUCCESS\" > \"${SCRIPT_OUTPUT_FILE_0}\"\n";
			showEnvVarsInLog = 0;
		};
/* End PBXShellScriptBuildPhase section */

/* Begin PBXSourcesBuildPhase section */
		18433EE3212AC1AE0001CFED /* Sources */ = {
			isa = PBXSourcesBuildPhase;
			buildActionMask = 2147483647;
			files = (
				18433F26212ACE3C0001CFED /* IViewRouteProto.swift in Sources */,
				18652B33215B7F1C00587ABB /* IBaseViewController.swift in Sources */,
				18433F1F212AC3CF0001CFED /* IPresentProto.swift in Sources */,
				18DB363B212E51970089E806 /* IPresent.swift in Sources */,
				18433F21212AC3F90001CFED /* IViewProto.swift in Sources */,
				18433F23212AC4480001CFED /* IViewController.swift in Sources */,
			);
			runOnlyForDeploymentPostprocessing = 0;
		};
		18DB363C212E690E0089E806 /* Sources */ = {
			isa = PBXSourcesBuildPhase;
			buildActionMask = 2147483647;
			files = (
				18DB3645212E690E0089E806 /* ViewController.swift in Sources */,
				186D43B7215E2A4500DF6099 /* HomePresentProto.swift in Sources */,
				18DB3655212E7F2A0089E806 /* DViewController.swift in Sources */,
				18DB3658212E7FDD0089E806 /* DPresent.swift in Sources */,
				186D43B9215E2A5200DF6099 /* HomeViewProto.swift in Sources */,
				186D43BB215E2A6200DF6099 /* HomeViewController.swift in Sources */,
				186D43BF215E2B0B00DF6099 /* HomePresent.swift in Sources */,
				18DB3643212E690E0089E806 /* AppDelegate.swift in Sources */,
			);
			runOnlyForDeploymentPostprocessing = 0;
		};
/* End PBXSourcesBuildPhase section */

/* Begin PBXVariantGroup section */
		18DB3646212E690E0089E806 /* Main.storyboard */ = {
			isa = PBXVariantGroup;
			children = (
				18DB3647212E690E0089E806 /* Base */,
			);
			name = Main.storyboard;
			sourceTree = "<group>";
		};
		18DB364B212E69100089E806 /* LaunchScreen.storyboard */ = {
			isa = PBXVariantGroup;
			children = (
				18DB364C212E69100089E806 /* Base */,
			);
			name = LaunchScreen.storyboard;
			sourceTree = "<group>";
		};
/* End PBXVariantGroup section */

/* Begin XCBuildConfiguration section */
		18433EEE212AC1AE0001CFED /* Debug */ = {
			isa = XCBuildConfiguration;
			buildSettings = {
				ALWAYS_SEARCH_USER_PATHS = NO;
				CLANG_ANALYZER_NONNULL = YES;
				CLANG_ANALYZER_NUMBER_OBJECT_CONVERSION = YES_AGGRESSIVE;
				CLANG_CXX_LANGUAGE_STANDARD = "gnu++14";
				CLANG_CXX_LIBRARY = "libc++";
				CLANG_ENABLE_MODULES = YES;
				CLANG_ENABLE_OBJC_ARC = YES;
				CLANG_ENABLE_OBJC_WEAK = YES;
				CLANG_WARN_BLOCK_CAPTURE_AUTORELEASING = YES;
				CLANG_WARN_BOOL_CONVERSION = YES;
				CLANG_WARN_COMMA = YES;
				CLANG_WARN_CONSTANT_CONVERSION = YES;
				CLANG_WARN_DEPRECATED_OBJC_IMPLEMENTATIONS = YES;
				CLANG_WARN_DIRECT_OBJC_ISA_USAGE = YES_ERROR;
				CLANG_WARN_DOCUMENTATION_COMMENTS = YES;
				CLANG_WARN_EMPTY_BODY = YES;
				CLANG_WARN_ENUM_CONVERSION = YES;
				CLANG_WARN_INFINITE_RECURSION = YES;
				CLANG_WARN_INT_CONVERSION = YES;
				CLANG_WARN_NON_LITERAL_NULL_CONVERSION = YES;
				CLANG_WARN_OBJC_IMPLICIT_RETAIN_SELF = YES;
				CLANG_WARN_OBJC_LITERAL_CONVERSION = YES;
				CLANG_WARN_OBJC_ROOT_CLASS = YES_ERROR;
				CLANG_WARN_RANGE_LOOP_ANALYSIS = YES;
				CLANG_WARN_STRICT_PROTOTYPES = YES;
				CLANG_WARN_SUSPICIOUS_MOVE = YES;
				CLANG_WARN_UNGUARDED_AVAILABILITY = YES_AGGRESSIVE;
				CLANG_WARN_UNREACHABLE_CODE = YES;
				CLANG_WARN__DUPLICATE_METHOD_MATCH = YES;
				CODE_SIGN_IDENTITY = "iPhone Developer";
				COPY_PHASE_STRIP = NO;
				CURRENT_PROJECT_VERSION = 1;
				DEBUG_INFORMATION_FORMAT = dwarf;
				ENABLE_STRICT_OBJC_MSGSEND = YES;
				ENABLE_TESTABILITY = YES;
				GCC_C_LANGUAGE_STANDARD = gnu11;
				GCC_DYNAMIC_NO_PIC = NO;
				GCC_NO_COMMON_BLOCKS = YES;
				GCC_OPTIMIZATION_LEVEL = 0;
				GCC_PREPROCESSOR_DEFINITIONS = (
					"DEBUG=1",
					"$(inherited)",
				);
				GCC_WARN_64_TO_32_BIT_CONVERSION = YES;
				GCC_WARN_ABOUT_RETURN_TYPE = YES_ERROR;
				GCC_WARN_UNDECLARED_SELECTOR = YES;
				GCC_WARN_UNINITIALIZED_AUTOS = YES_AGGRESSIVE;
				GCC_WARN_UNUSED_FUNCTION = YES;
				GCC_WARN_UNUSED_VARIABLE = YES;
				IPHONEOS_DEPLOYMENT_TARGET = 11.4;
				MTL_ENABLE_DEBUG_INFO = YES;
				ONLY_ACTIVE_ARCH = YES;
				SDKROOT = iphoneos;
				SWIFT_ACTIVE_COMPILATION_CONDITIONS = DEBUG;
				SWIFT_OPTIMIZATION_LEVEL = "-Onone";
				VERSIONING_SYSTEM = "apple-generic";
				VERSION_INFO_PREFIX = "";
			};
			name = Debug;
		};
		18433EEF212AC1AE0001CFED /* Release */ = {
			isa = XCBuildConfiguration;
			buildSettings = {
				ALWAYS_SEARCH_USER_PATHS = NO;
				CLANG_ANALYZER_NONNULL = YES;
				CLANG_ANALYZER_NUMBER_OBJECT_CONVERSION = YES_AGGRESSIVE;
				CLANG_CXX_LANGUAGE_STANDARD = "gnu++14";
				CLANG_CXX_LIBRARY = "libc++";
				CLANG_ENABLE_MODULES = YES;
				CLANG_ENABLE_OBJC_ARC = YES;
				CLANG_ENABLE_OBJC_WEAK = YES;
				CLANG_WARN_BLOCK_CAPTURE_AUTORELEASING = YES;
				CLANG_WARN_BOOL_CONVERSION = YES;
				CLANG_WARN_COMMA = YES;
				CLANG_WARN_CONSTANT_CONVERSION = YES;
				CLANG_WARN_DEPRECATED_OBJC_IMPLEMENTATIONS = YES;
				CLANG_WARN_DIRECT_OBJC_ISA_USAGE = YES_ERROR;
				CLANG_WARN_DOCUMENTATION_COMMENTS = YES;
				CLANG_WARN_EMPTY_BODY = YES;
				CLANG_WARN_ENUM_CONVERSION = YES;
				CLANG_WARN_INFINITE_RECURSION = YES;
				CLANG_WARN_INT_CONVERSION = YES;
				CLANG_WARN_NON_LITERAL_NULL_CONVERSION = YES;
				CLANG_WARN_OBJC_IMPLICIT_RETAIN_SELF = YES;
				CLANG_WARN_OBJC_LITERAL_CONVERSION = YES;
				CLANG_WARN_OBJC_ROOT_CLASS = YES_ERROR;
				CLANG_WARN_RANGE_LOOP_ANALYSIS = YES;
				CLANG_WARN_STRICT_PROTOTYPES = YES;
				CLANG_WARN_SUSPICIOUS_MOVE = YES;
				CLANG_WARN_UNGUARDED_AVAILABILITY = YES_AGGRESSIVE;
				CLANG_WARN_UNREACHABLE_CODE = YES;
				CLANG_WARN__DUPLICATE_METHOD_MATCH = YES;
				CODE_SIGN_IDENTITY = "iPhone Developer";
				COPY_PHASE_STRIP = NO;
				CURRENT_PROJECT_VERSION = 1;
				DEBUG_INFORMATION_FORMAT = "dwarf-with-dsym";
				ENABLE_NS_ASSERTIONS = NO;
				ENABLE_STRICT_OBJC_MSGSEND = YES;
				GCC_C_LANGUAGE_STANDARD = gnu11;
				GCC_NO_COMMON_BLOCKS = YES;
				GCC_WARN_64_TO_32_BIT_CONVERSION = YES;
				GCC_WARN_ABOUT_RETURN_TYPE = YES_ERROR;
				GCC_WARN_UNDECLARED_SELECTOR = YES;
				GCC_WARN_UNINITIALIZED_AUTOS = YES_AGGRESSIVE;
				GCC_WARN_UNUSED_FUNCTION = YES;
				GCC_WARN_UNUSED_VARIABLE = YES;
				IPHONEOS_DEPLOYMENT_TARGET = 11.4;
				MTL_ENABLE_DEBUG_INFO = NO;
				SDKROOT = iphoneos;
				SWIFT_COMPILATION_MODE = wholemodule;
				SWIFT_OPTIMIZATION_LEVEL = "-O";
				VALIDATE_PRODUCT = YES;
				VERSIONING_SYSTEM = "apple-generic";
				VERSION_INFO_PREFIX = "";
			};
			name = Release;
		};
		18433EF1212AC1AE0001CFED /* Debug */ = {
			isa = XCBuildConfiguration;
			baseConfigurationReference = BF5EBB68726BB5830F6841E6 /* Pods-MVPLib.debug.xcconfig */;
			buildSettings = {
				CLANG_ENABLE_MODULES = YES;
				CODE_SIGN_IDENTITY = "";
				CODE_SIGN_STYLE = Automatic;
				DEFINES_MODULE = YES;
				DEVELOPMENT_TEAM = DNTW37LZ27;
				DYLIB_COMPATIBILITY_VERSION = 1;
				DYLIB_CURRENT_VERSION = 1;
				DYLIB_INSTALL_NAME_BASE = "@rpath";
				INFOPLIST_FILE = MVPLib/Info.plist;
				INSTALL_PATH = "$(LOCAL_LIBRARY_DIR)/Frameworks";
				IPHONEOS_DEPLOYMENT_TARGET = 9.0;
				LD_RUNPATH_SEARCH_PATHS = (
					"$(inherited)",
					"@executable_path/Frameworks",
					"@loader_path/Frameworks",
				);
				PRODUCT_BUNDLE_IDENTIFIER = com.zktechnology.MVPLib;
				PRODUCT_NAME = "$(TARGET_NAME:c99extidentifier)";
				SKIP_INSTALL = YES;
				SWIFT_OPTIMIZATION_LEVEL = "-Onone";
				SWIFT_VERSION = 4.0;
				TARGETED_DEVICE_FAMILY = "1,2";
			};
			name = Debug;
		};
		18433EF2212AC1AE0001CFED /* Release */ = {
			isa = XCBuildConfiguration;
			baseConfigurationReference = 425A0D811C83FD0917655EEA /* Pods-MVPLib.release.xcconfig */;
			buildSettings = {
				CLANG_ENABLE_MODULES = YES;
				CODE_SIGN_IDENTITY = "";
				CODE_SIGN_STYLE = Automatic;
				DEFINES_MODULE = YES;
				DEVELOPMENT_TEAM = DNTW37LZ27;
				DYLIB_COMPATIBILITY_VERSION = 1;
				DYLIB_CURRENT_VERSION = 1;
				DYLIB_INSTALL_NAME_BASE = "@rpath";
				INFOPLIST_FILE = MVPLib/Info.plist;
				INSTALL_PATH = "$(LOCAL_LIBRARY_DIR)/Frameworks";
				IPHONEOS_DEPLOYMENT_TARGET = 9.0;
				LD_RUNPATH_SEARCH_PATHS = (
					"$(inherited)",
					"@executable_path/Frameworks",
					"@loader_path/Frameworks",
				);
				PRODUCT_BUNDLE_IDENTIFIER = com.zktechnology.MVPLib;
				PRODUCT_NAME = "$(TARGET_NAME:c99extidentifier)";
				SKIP_INSTALL = YES;
				SWIFT_VERSION = 4.0;
				TARGETED_DEVICE_FAMILY = "1,2";
			};
			name = Release;
		};
		18DB3650212E69100089E806 /* Debug */ = {
			isa = XCBuildConfiguration;
			buildSettings = {
				ASSETCATALOG_COMPILER_APPICON_NAME = AppIcon;
				CODE_SIGN_STYLE = Automatic;
				DEVELOPMENT_TEAM = DNTW37LZ27;
				FRAMEWORK_SEARCH_PATHS = "\"$(SRCROOT)/../../../../Library/Developer/Xcode/DerivedData/MVPLib-dcukxyziaryprnbngnxnaoiadjhd/Build/Products/Debug-iphoneos/\"";
				HEADER_SEARCH_PATHS = "\"$(SRCROOT)/../../../../Library/Developer/Xcode/DerivedData/MVPLib-dcukxyziaryprnbngnxnaoiadjhd/Build/Products/Debug-iphoneos/\"";
				INFOPLIST_FILE = Demo/Info.plist;
				IPHONEOS_DEPLOYMENT_TARGET = 9.0;
				LD_RUNPATH_SEARCH_PATHS = (
					"$(inherited)",
					"@executable_path/Frameworks",
				);
				PRODUCT_BUNDLE_IDENTIFIER = com.zktechnology.Demo;
				PRODUCT_NAME = "$(TARGET_NAME)";
				SWIFT_VERSION = 4.0;
				TARGETED_DEVICE_FAMILY = "1,2";
			};
			name = Debug;
		};
		18DB3651212E69100089E806 /* Release */ = {
			isa = XCBuildConfiguration;
			buildSettings = {
				ASSETCATALOG_COMPILER_APPICON_NAME = AppIcon;
				CODE_SIGN_STYLE = Automatic;
				DEVELOPMENT_TEAM = DNTW37LZ27;
				FRAMEWORK_SEARCH_PATHS = "\"$(SRCROOT)/../../../../Library/Developer/Xcode/DerivedData/MVPLib-dcukxyziaryprnbngnxnaoiadjhd/Build/Products/Debug-iphoneos/\"";
				HEADER_SEARCH_PATHS = "\"$(SRCROOT)/../../../../Library/Developer/Xcode/DerivedData/MVPLib-dcukxyziaryprnbngnxnaoiadjhd/Build/Products/Debug-iphoneos/\"";
				INFOPLIST_FILE = Demo/Info.plist;
				IPHONEOS_DEPLOYMENT_TARGET = 9.0;
				LD_RUNPATH_SEARCH_PATHS = (
					"$(inherited)",
					"@executable_path/Frameworks",
				);
				PRODUCT_BUNDLE_IDENTIFIER = com.zktechnology.Demo;
				PRODUCT_NAME = "$(TARGET_NAME)";
				SWIFT_VERSION = 4.0;
				TARGETED_DEVICE_FAMILY = "1,2";
			};
			name = Release;
		};
/* End XCBuildConfiguration section */

/* Begin XCConfigurationList section */
		18433EE2212AC1AE0001CFED /* Build configuration list for PBXProject "MVPLib" */ = {
			isa = XCConfigurationList;
			buildConfigurations = (
				18433EEE212AC1AE0001CFED /* Debug */,
				18433EEF212AC1AE0001CFED /* Release */,
			);
			defaultConfigurationIsVisible = 0;
			defaultConfigurationName = Release;
		};
		18433EF0212AC1AE0001CFED /* Build configuration list for PBXNativeTarget "MVPLib" */ = {
			isa = XCConfigurationList;
			buildConfigurations = (
				18433EF1212AC1AE0001CFED /* Debug */,
				18433EF2212AC1AE0001CFED /* Release */,
			);
			defaultConfigurationIsVisible = 0;
			defaultConfigurationName = Release;
		};
		18DB364F212E69100089E806 /* Build configuration list for PBXNativeTarget "Demo" */ = {
			isa = XCConfigurationList;
			buildConfigurations = (
				18DB3650212E69100089E806 /* Debug */,
				18DB3651212E69100089E806 /* Release */,
			);
			defaultConfigurationIsVisible = 0;
			defaultConfigurationName = Release;
		};
/* End XCConfigurationList section */
	};
	rootObject = 18433EDF212AC1AE0001CFED /* Project object */;
}
